
Microsoft Visual Studio Solution File, Format Version 12.00
# Visual Studio Version 16
VisualStudioVersion = 16.0.33927.289
MinimumVisualStudioVersion = 10.0.40219.1
Project("{2150E333-8FDC-42A3-9474-1A3956D46DE8}") = "Task0", "Task0", "{FC71ED3E-0A7F-4C48-88A0-29D7E8D98B4B}"
EndProject
Project("{FAE04EC0-301F-11D3-BF4B-00C04F79EFBC}") = "Tyuiu.KoptyaevRS.Sprint4.Task0.V14", "Tyuiu.KoptyaevRS.Sprint4.Task0.V14\Tyuiu.KoptyaevRS.Sprint4.Task0.V14.csproj", "{F6444144-2ED6-47DE-85CC-9C0B59EF1042}"
EndProject
Project("{FAE04EC0-301F-11D3-BF4B-00C04F79EFBC}") = "Tyuiu.KoptyaevRS.Sprint4.Task0.V14.Lib", "Tyuiu.KoptyaevRS.Sprint4.Task0.V14.Lib\Tyuiu.KoptyaevRS.Sprint4.Task0.V14.Lib.csproj", "{E0F66095-745A-4DD4-9562-D22ADFDF4FE8}"
EndProject
Project("{FAE04EC0-301F-11D3-BF4B-00C04F79EFBC}") = "Tyuiu.KoptyaevRS.Sprint4.Task0.V14.Test", "Tyuiu.KoptyaevRS.Sprint4.Task0.V14.Test\Tyuiu.KoptyaevRS.Sprint4.Task0.V14.Test.csproj", "{72F5B1DD-90CB-4067-9ABA-64463297FD96}"
EndProject
Global
	GlobalSection(SolutionConfigurationPlatforms) = preSolution
		Debug|Any CPU = Debug|Any CPU
		Release|Any CPU = Release|Any CPU
	EndGlobalSection
	GlobalSection(ProjectConfigurationPlatforms) = postSolution
		{F6444144-2ED6-47DE-85CC-9C0B59EF1042}.Debug|Any CPU.ActiveCfg = Debug|Any CPU
		{F6444144-2ED6-47DE-85CC-9C0B59EF1042}.Debug|Any CPU.Build.0 = Debug|Any CPU
		{F6444144-2ED6-47DE-85CC-9C0B59EF1042}.Release|Any CPU.ActiveCfg = Release|Any CPU
		{F6444144-2ED6-47DE-85CC-9C0B59EF1042}.Release|Any CPU.Build.0 = Release|Any CPU
		{E0F66095-745A-4DD4-9562-D22ADFDF4FE8}.Debug|Any CPU.ActiveCfg = Debug|Any CPU
		{E0F66095-745A-4DD4-9562-D22ADFDF4FE8}.Debug|Any CPU.Build.0 = Debug|Any CPU
		{E0F66095-745A-4DD4-9562-D22ADFDF4FE8}.Release|Any CPU.ActiveCfg = Release|Any CPU
		{E0F66095-745A-4DD4-9562-D22ADFDF4FE8}.Release|Any CPU.Build.0 = Release|Any CPU
		{72F5B1DD-90CB-4067-9ABA-64463297FD96}.Debug|Any CPU.ActiveCfg = Debug|Any CPU
		{72F5B1DD-90CB-4067-9ABA-64463297FD96}.Debug|Any CPU.Build.0 = Debug|Any CPU
		{72F5B1DD-90CB-4067-9ABA-64463297FD96}.Release|Any CPU.ActiveCfg = Release|Any CPU
		{72F5B1DD-90CB-4067-9ABA-64463297FD96}.Release|Any CPU.Build.0 = Release|Any CPU
	EndGlobalSection
	GlobalSection(SolutionProperties) = preSolution
		HideSolutionNode = FALSE
	EndGlobalSection
	GlobalSection(NestedProjects) = preSolution
		{F6444144-2ED6-47DE-85CC-9C0B59EF1042} = {FC71ED3E-0A7F-4C48-88A0-29D7E8D98B4B}
		{E0F66095-745A-4DD4-9562-D22ADFDF4FE8} = {FC71ED3E-0A7F-4C48-88A0-29D7E8D98B4B}
		{72F5B1DD-90CB-4067-9ABA-64463297FD96} = {FC71ED3E-0A7F-4C48-88A0-29D7E8D98B4B}
	EndGlobalSection
	GlobalSection(ExtensibilityGlobals) = postSolution
		SolutionGuid = {46887A2C-9D76-48FA-BA40-CF7BF0FAB708}
	EndGlobalSection
EndGlobal
