
Microsoft Visual Studio Solution File, Format Version 12.00
# Visual Studio Version 16
VisualStudioVersion = 16.0.33927.289
MinimumVisualStudioVersion = 10.0.40219.1
Project("{2150E333-8FDC-42A3-9474-1A3956D46DE8}") = "Task0", "Task0", "{FC71ED3E-0A7F-4C48-88A0-29D7E8D98B4B}"
EndProject
Project("{FAE04EC0-301F-11D3-BF4B-00C04F79EFBC}") = "Tyuiu.KoptyaevRS.Sprint4.Task0.V14", "Tyuiu.KoptyaevRS.Sprint4.Task0.V14\Tyuiu.KoptyaevRS.Sprint4.Task0.V14.csproj", "{F6444144-2ED6-47DE-85CC-9C0B59EF1042}"
EndProject
Project("{FAE04EC0-301F-11D3-BF4B-00C04F79EFBC}") = "Tyuiu.KoptyaevRS.Sprint4.Task0.V14.Lib", "Tyuiu.KoptyaevRS.Sprint4.Task0.V14.Lib\Tyuiu.KoptyaevRS.Sprint4.Task0.V14.Lib.csproj", "{E0F66095-745A-4DD4-9562-D22ADFDF4FE8}"
EndProject
Project("{FAE04EC0-301F-11D3-BF4B-00C04F79EFBC}") = "Tyuiu.KoptyaevRS.Sprint4.Task0.V14.Test", "Tyuiu.KoptyaevRS.Sprint4.Task0.V14.Test\Tyuiu.KoptyaevRS.Sprint4.Task0.V14.Test.csproj", "{72F5B1DD-90CB-4067-9ABA-64463297FD96}"
EndProject
Project("{2150E333-8FDC-42A3-9474-1A3956D46DE8}") = "Task1", "Task1", "{52801D2D-E2EF-4D2F-AE5F-B0E27032A987}"
EndProject
Project("{FAE04EC0-301F-11D3-BF4B-00C04F79EFBC}") = "Tyuiu.KoptyaevRS.Sprint4.Task1.V23", "Tyuiu.KoptyaevRS.Sprint4.Task1.V23\Tyuiu.KoptyaevRS.Sprint4.Task1.V23.csproj", "{5A87BDF9-AE3B-4EA0-8905-DF1B006CD5E2}"
EndProject
Project("{FAE04EC0-301F-11D3-BF4B-00C04F79EFBC}") = "Tyuiu.KoptyaevRS.Sprint4.Task1.V23.Lib", "Tyuiu.KoptyaevRS.Sprint4.Task1.V23.Lib\Tyuiu.KoptyaevRS.Sprint4.Task1.V23.Lib.csproj", "{578C7B59-ECFC-41B5-9658-A2A0C861B636}"
EndProject
Project("{FAE04EC0-301F-11D3-BF4B-00C04F79EFBC}") = "Tyuiu.KoptyaevRS.Sprint4.Task1.V23.Test", "Tyuiu.KoptyaevRS.Sprint4.Task1.V23.Test\Tyuiu.KoptyaevRS.Sprint4.Task1.V23.Test.csproj", "{CB8C1BF9-E6EC-4008-9ECD-D69D3071C31C}"
EndProject
Project("{2150E333-8FDC-42A3-9474-1A3956D46DE8}") = "Task2", "Task2", "{A55DA92F-F334-4C84-8265-397552D8F27A}"
EndProject
Project("{FAE04EC0-301F-11D3-BF4B-00C04F79EFBC}") = "Tyuiu.KoptyaevRS.Sprint4.Task2.V6", "Tyuiu.KoptyaevRS.Sprint4.Task2.V6\Tyuiu.KoptyaevRS.Sprint4.Task2.V6.csproj", "{7E713B15-25C7-404A-AD12-2BA0953211D4}"
EndProject
Project("{FAE04EC0-301F-11D3-BF4B-00C04F79EFBC}") = "Tyuiu.KoptyaevRS.Sprint4.Task2.V6.Lib", "Tyuiu.KoptyaevRS.Sprint4.Task2.V6.Lib\Tyuiu.KoptyaevRS.Sprint4.Task2.V6.Lib.csproj", "{F0F59159-C5EE-4D0F-AF05-4BF8117BF82E}"
EndProject
Project("{FAE04EC0-301F-11D3-BF4B-00C04F79EFBC}") = "Tyuiu.KoptyaevRS.Sprint4.Task2.V6.Test", "Tyuiu.KoptyaevRS.Sprint4.Task2.V6.Test\Tyuiu.KoptyaevRS.Sprint4.Task2.V6.Test.csproj", "{26335059-66C6-452A-9375-D57791DA9A20}"
EndProject
Project("{2150E333-8FDC-42A3-9474-1A3956D46DE8}") = "Task3", "Task3", "{CD23B0E9-E495-4248-AC63-971263605BEF}"
EndProject
Project("{FAE04EC0-301F-11D3-BF4B-00C04F79EFBC}") = "Tyuiu.KoptyaevRS.Sprint4.Task3.V7", "Tyuiu.KoptyaevRS.Sprint4.Task3.V7\Tyuiu.KoptyaevRS.Sprint4.Task3.V7.csproj", "{F3E1C4F8-EF7E-4915-8031-E548E7E4F44F}"
EndProject
Project("{FAE04EC0-301F-11D3-BF4B-00C04F79EFBC}") = "Tyuiu.KoptyaevRS.Sprint4.Task3.V7.Lib", "Tyuiu.KoptyaevRS.Sprint4.Task3.V7.Lib\Tyuiu.KoptyaevRS.Sprint4.Task3.V7.Lib.csproj", "{7309D7B4-7516-4703-9F5F-1108462067A3}"
EndProject
Project("{FAE04EC0-301F-11D3-BF4B-00C04F79EFBC}") = "Tyuiu.KoptyaevRS.Sprint4.Task3.V7.Test", "Tyuiu.KoptyaevRS.Sprint4.Task3.V7.Test\Tyuiu.KoptyaevRS.Sprint4.Task3.V7.Test.csproj", "{981ABD04-0FCA-421F-9921-E9BB6301D9A2}"
EndProject
Project("{2150E333-8FDC-42A3-9474-1A3956D46DE8}") = "Task4", "Task4", "{0007B767-4A71-49C2-806E-D29078D1BED3}"
EndProject
Project("{FAE04EC0-301F-11D3-BF4B-00C04F79EFBC}") = "Tyuiu.KoptyaevRS.Sprint4.Task4.V9", "Tyuiu.KoptyaevRS.Sprint4.Task4.V9\Tyuiu.KoptyaevRS.Sprint4.Task4.V9.csproj", "{D4E047C3-21BB-42C3-8D0C-52E5A28EA1B2}"
EndProject
Project("{FAE04EC0-301F-11D3-BF4B-00C04F79EFBC}") = "Tyuiu.KoptyaevRS.Sprint4.Task4.V9.Lib", "Tyuiu.KoptyaevRS.Sprint4.Task4.V9.Lib\Tyuiu.KoptyaevRS.Sprint4.Task4.V9.Lib.csproj", "{518D4841-FC15-4954-9F17-BF531EBEC929}"
EndProject
Project("{FAE04EC0-301F-11D3-BF4B-00C04F79EFBC}") = "Tyuiu.KoptyaevRS.Sprint4.Task4.V9.Test", "Tyuiu.KoptyaevRS.Sprint4.Task4.V9.Test\Tyuiu.KoptyaevRS.Sprint4.Task4.V9.Test.csproj", "{F53D464A-B91B-4A45-9E3E-A440BD79993C}"
EndProject
Project("{2150E333-8FDC-42A3-9474-1A3956D46DE8}") = "Task5", "Task5", "{528088BA-FC8C-4B72-B5AD-5ED879F4C43A}"
EndProject
Project("{FAE04EC0-301F-11D3-BF4B-00C04F79EFBC}") = "Tyuiu.KoptyaevRS.Sprint4.Task5.V17", "Tyuiu.KoptyaevRS.Sprint4.Task5.V17\Tyuiu.KoptyaevRS.Sprint4.Task5.V17.csproj", "{5DDA21F8-F30F-4503-8E20-12FDE0ACD080}"
EndProject
Project("{FAE04EC0-301F-11D3-BF4B-00C04F79EFBC}") = "Tyuiu.KoptyaevRS.Sprint4.Task5.V17.Lib", "Tyuiu.KoptyaevRS.Sprint4.Task5.V17.Lib\Tyuiu.KoptyaevRS.Sprint4.Task5.V17.Lib.csproj", "{30346F95-BC4B-4A9F-BA68-70EA4956BFE1}"
EndProject
Project("{FAE04EC0-301F-11D3-BF4B-00C04F79EFBC}") = "Tyuiu.KoptyaevRS.Sprint4.Task5.V17.Test", "Tyuiu.KoptyaevRS.Sprint4.Task5.V17.Test\Tyuiu.KoptyaevRS.Sprint4.Task5.V17.Test.csproj", "{9908C886-1981-4158-B610-C657FBAD1EDF}"
EndProject
Project("{2150E333-8FDC-42A3-9474-1A3956D46DE8}") = "Task6", "Task6", "{40F8B0D8-2EFD-41A8-97F4-C2E93E7C9C23}"
EndProject
Project("{FAE04EC0-301F-11D3-BF4B-00C04F79EFBC}") = "Tyuiu.KoptyaevRS.Sprint4.Task6.V4", "Tyuiu.KoptyaevRS.Sprint4.Task6.V4\Tyuiu.KoptyaevRS.Sprint4.Task6.V4.csproj", "{1B6EC724-D322-4B48-844D-5AD04D7F3CD6}"
EndProject
Project("{FAE04EC0-301F-11D3-BF4B-00C04F79EFBC}") = "Tyuiu.KoptyaevRS.Sprint4.Task6.V4.Lib", "Tyuiu.KoptyaevRS.Sprint4.Task6.V4.Lib\Tyuiu.KoptyaevRS.Sprint4.Task6.V4.Lib.csproj", "{6D2870FE-3E87-48D3-AF08-4E803EB6D093}"
EndProject
Project("{FAE04EC0-301F-11D3-BF4B-00C04F79EFBC}") = "Tyuiu.KoptyaevRS.Sprint4.Task6.V4.Test", "Tyuiu.KoptyaevRS.Sprint4.Task6.V4.Test\Tyuiu.KoptyaevRS.Sprint4.Task6.V4.Test.csproj", "{54853B78-8DC1-4436-822F-67A48C1795EB}"
EndProject
Global
	GlobalSection(SolutionConfigurationPlatforms) = preSolution
		Debug|Any CPU = Debug|Any CPU
		Release|Any CPU = Release|Any CPU
	EndGlobalSection
	GlobalSection(ProjectConfigurationPlatforms) = postSolution
		{F6444144-2ED6-47DE-85CC-9C0B59EF1042}.Debug|Any CPU.ActiveCfg = Debug|Any CPU
		{F6444144-2ED6-47DE-85CC-9C0B59EF1042}.Debug|Any CPU.Build.0 = Debug|Any CPU
		{F6444144-2ED6-47DE-85CC-9C0B59EF1042}.Release|Any CPU.ActiveCfg = Release|Any CPU
		{F6444144-2ED6-47DE-85CC-9C0B59EF1042}.Release|Any CPU.Build.0 = Release|Any CPU
		{E0F66095-745A-4DD4-9562-D22ADFDF4FE8}.Debug|Any CPU.ActiveCfg = Debug|Any CPU
		{E0F66095-745A-4DD4-9562-D22ADFDF4FE8}.Debug|Any CPU.Build.0 = Debug|Any CPU
		{E0F66095-745A-4DD4-9562-D22ADFDF4FE8}.Release|Any CPU.ActiveCfg = Release|Any CPU
		{E0F66095-745A-4DD4-9562-D22ADFDF4FE8}.Release|Any CPU.Build.0 = Release|Any CPU
		{72F5B1DD-90CB-4067-9ABA-64463297FD96}.Debug|Any CPU.ActiveCfg = Debug|Any CPU
		{72F5B1DD-90CB-4067-9ABA-64463297FD96}.Debug|Any CPU.Build.0 = Debug|Any CPU
		{72F5B1DD-90CB-4067-9ABA-64463297FD96}.Release|Any CPU.ActiveCfg = Release|Any CPU
		{72F5B1DD-90CB-4067-9ABA-64463297FD96}.Release|Any CPU.Build.0 = Release|Any CPU
		{5A87BDF9-AE3B-4EA0-8905-DF1B006CD5E2}.Debug|Any CPU.ActiveCfg = Debug|Any CPU
		{5A87BDF9-AE3B-4EA0-8905-DF1B006CD5E2}.Debug|Any CPU.Build.0 = Debug|Any CPU
		{5A87BDF9-AE3B-4EA0-8905-DF1B006CD5E2}.Release|Any CPU.ActiveCfg = Release|Any CPU
		{5A87BDF9-AE3B-4EA0-8905-DF1B006CD5E2}.Release|Any CPU.Build.0 = Release|Any CPU
		{578C7B59-ECFC-41B5-9658-A2A0C861B636}.Debug|Any CPU.ActiveCfg = Debug|Any CPU
		{578C7B59-ECFC-41B5-9658-A2A0C861B636}.Debug|Any CPU.Build.0 = Debug|Any CPU
		{578C7B59-ECFC-41B5-9658-A2A0C861B636}.Release|Any CPU.ActiveCfg = Release|Any CPU
		{578C7B59-ECFC-41B5-9658-A2A0C861B636}.Release|Any CPU.Build.0 = Release|Any CPU
		{CB8C1BF9-E6EC-4008-9ECD-D69D3071C31C}.Debug|Any CPU.ActiveCfg = Debug|Any CPU
		{CB8C1BF9-E6EC-4008-9ECD-D69D3071C31C}.Debug|Any CPU.Build.0 = Debug|Any CPU
		{CB8C1BF9-E6EC-4008-9ECD-D69D3071C31C}.Release|Any CPU.ActiveCfg = Release|Any CPU
		{CB8C1BF9-E6EC-4008-9ECD-D69D3071C31C}.Release|Any CPU.Build.0 = Release|Any CPU
		{7E713B15-25C7-404A-AD12-2BA0953211D4}.Debug|Any CPU.ActiveCfg = Debug|Any CPU
		{7E713B15-25C7-404A-AD12-2BA0953211D4}.Debug|Any CPU.Build.0 = Debug|Any CPU
		{7E713B15-25C7-404A-AD12-2BA0953211D4}.Release|Any CPU.ActiveCfg = Release|Any CPU
		{7E713B15-25C7-404A-AD12-2BA0953211D4}.Release|Any CPU.Build.0 = Release|Any CPU
		{F0F59159-C5EE-4D0F-AF05-4BF8117BF82E}.Debug|Any CPU.ActiveCfg = Debug|Any CPU
		{F0F59159-C5EE-4D0F-AF05-4BF8117BF82E}.Debug|Any CPU.Build.0 = Debug|Any CPU
		{F0F59159-C5EE-4D0F-AF05-4BF8117BF82E}.Release|Any CPU.ActiveCfg = Release|Any CPU
		{F0F59159-C5EE-4D0F-AF05-4BF8117BF82E}.Release|Any CPU.Build.0 = Release|Any CPU
		{26335059-66C6-452A-9375-D57791DA9A20}.Debug|Any CPU.ActiveCfg = Debug|Any CPU
		{26335059-66C6-452A-9375-D57791DA9A20}.Debug|Any CPU.Build.0 = Debug|Any CPU
		{26335059-66C6-452A-9375-D57791DA9A20}.Release|Any CPU.ActiveCfg = Release|Any CPU
		{26335059-66C6-452A-9375-D57791DA9A20}.Release|Any CPU.Build.0 = Release|Any CPU
		{F3E1C4F8-EF7E-4915-8031-E548E7E4F44F}.Debug|Any CPU.ActiveCfg = Debug|Any CPU
		{F3E1C4F8-EF7E-4915-8031-E548E7E4F44F}.Debug|Any CPU.Build.0 = Debug|Any CPU
		{F3E1C4F8-EF7E-4915-8031-E548E7E4F44F}.Release|Any CPU.ActiveCfg = Release|Any CPU
		{F3E1C4F8-EF7E-4915-8031-E548E7E4F44F}.Release|Any CPU.Build.0 = Release|Any CPU
		{7309D7B4-7516-4703-9F5F-1108462067A3}.Debug|Any CPU.ActiveCfg = Debug|Any CPU
		{7309D7B4-7516-4703-9F5F-1108462067A3}.Debug|Any CPU.Build.0 = Debug|Any CPU
		{7309D7B4-7516-4703-9F5F-1108462067A3}.Release|Any CPU.ActiveCfg = Release|Any CPU
		{7309D7B4-7516-4703-9F5F-1108462067A3}.Release|Any CPU.Build.0 = Release|Any CPU
		{981ABD04-0FCA-421F-9921-E9BB6301D9A2}.Debug|Any CPU.ActiveCfg = Debug|Any CPU
		{981ABD04-0FCA-421F-9921-E9BB6301D9A2}.Debug|Any CPU.Build.0 = Debug|Any CPU
		{981ABD04-0FCA-421F-9921-E9BB6301D9A2}.Release|Any CPU.ActiveCfg = Release|Any CPU
		{981ABD04-0FCA-421F-9921-E9BB6301D9A2}.Release|Any CPU.Build.0 = Release|Any CPU
		{D4E047C3-21BB-42C3-8D0C-52E5A28EA1B2}.Debug|Any CPU.ActiveCfg = Debug|Any CPU
		{D4E047C3-21BB-42C3-8D0C-52E5A28EA1B2}.Debug|Any CPU.Build.0 = Debug|Any CPU
		{D4E047C3-21BB-42C3-8D0C-52E5A28EA1B2}.Release|Any CPU.ActiveCfg = Release|Any CPU
		{D4E047C3-21BB-42C3-8D0C-52E5A28EA1B2}.Release|Any CPU.Build.0 = Release|Any CPU
		{518D4841-FC15-4954-9F17-BF531EBEC929}.Debug|Any CPU.ActiveCfg = Debug|Any CPU
		{518D4841-FC15-4954-9F17-BF531EBEC929}.Debug|Any CPU.Build.0 = Debug|Any CPU
		{518D4841-FC15-4954-9F17-BF531EBEC929}.Release|Any CPU.ActiveCfg = Release|Any CPU
		{518D4841-FC15-4954-9F17-BF531EBEC929}.Release|Any CPU.Build.0 = Release|Any CPU
		{F53D464A-B91B-4A45-9E3E-A440BD79993C}.Debug|Any CPU.ActiveCfg = Debug|Any CPU
		{F53D464A-B91B-4A45-9E3E-A440BD79993C}.Debug|Any CPU.Build.0 = Debug|Any CPU
		{F53D464A-B91B-4A45-9E3E-A440BD79993C}.Release|Any CPU.ActiveCfg = Release|Any CPU
		{F53D464A-B91B-4A45-9E3E-A440BD79993C}.Release|Any CPU.Build.0 = Release|Any CPU
		{5DDA21F8-F30F-4503-8E20-12FDE0ACD080}.Debug|Any CPU.ActiveCfg = Debug|Any CPU
		{5DDA21F8-F30F-4503-8E20-12FDE0ACD080}.Debug|Any CPU.Build.0 = Debug|Any CPU
		{5DDA21F8-F30F-4503-8E20-12FDE0ACD080}.Release|Any CPU.ActiveCfg = Release|Any CPU
		{5DDA21F8-F30F-4503-8E20-12FDE0ACD080}.Release|Any CPU.Build.0 = Release|Any CPU
		{30346F95-BC4B-4A9F-BA68-70EA4956BFE1}.Debug|Any CPU.ActiveCfg = Debug|Any CPU
		{30346F95-BC4B-4A9F-BA68-70EA4956BFE1}.Debug|Any CPU.Build.0 = Debug|Any CPU
		{30346F95-BC4B-4A9F-BA68-70EA4956BFE1}.Release|Any CPU.ActiveCfg = Release|Any CPU
		{30346F95-BC4B-4A9F-BA68-70EA4956BFE1}.Release|Any CPU.Build.0 = Release|Any CPU
		{9908C886-1981-4158-B610-C657FBAD1EDF}.Debug|Any CPU.ActiveCfg = Debug|Any CPU
		{9908C886-1981-4158-B610-C657FBAD1EDF}.Debug|Any CPU.Build.0 = Debug|Any CPU
		{9908C886-1981-4158-B610-C657FBAD1EDF}.Release|Any CPU.ActiveCfg = Release|Any CPU
		{9908C886-1981-4158-B610-C657FBAD1EDF}.Release|Any CPU.Build.0 = Release|Any CPU
		{1B6EC724-D322-4B48-844D-5AD04D7F3CD6}.Debug|Any CPU.ActiveCfg = Debug|Any CPU
		{1B6EC724-D322-4B48-844D-5AD04D7F3CD6}.Debug|Any CPU.Build.0 = Debug|Any CPU
		{1B6EC724-D322-4B48-844D-5AD04D7F3CD6}.Release|Any CPU.ActiveCfg = Release|Any CPU
		{1B6EC724-D322-4B48-844D-5AD04D7F3CD6}.Release|Any CPU.Build.0 = Release|Any CPU
		{6D2870FE-3E87-48D3-AF08-4E803EB6D093}.Debug|Any CPU.ActiveCfg = Debug|Any CPU
		{6D2870FE-3E87-48D3-AF08-4E803EB6D093}.Debug|Any CPU.Build.0 = Debug|Any CPU
		{6D2870FE-3E87-48D3-AF08-4E803EB6D093}.Release|Any CPU.ActiveCfg = Release|Any CPU
		{6D2870FE-3E87-48D3-AF08-4E803EB6D093}.Release|Any CPU.Build.0 = Release|Any CPU
		{54853B78-8DC1-4436-822F-67A48C1795EB}.Debug|Any CPU.ActiveCfg = Debug|Any CPU
		{54853B78-8DC1-4436-822F-67A48C1795EB}.Debug|Any CPU.Build.0 = Debug|Any CPU
		{54853B78-8DC1-4436-822F-67A48C1795EB}.Release|Any CPU.ActiveCfg = Release|Any CPU
		{54853B78-8DC1-4436-822F-67A48C1795EB}.Release|Any CPU.Build.0 = Release|Any CPU
	EndGlobalSection
	GlobalSection(SolutionProperties) = preSolution
		HideSolutionNode = FALSE
	EndGlobalSection
	GlobalSection(NestedProjects) = preSolution
		{F6444144-2ED6-47DE-85CC-9C0B59EF1042} = {FC71ED3E-0A7F-4C48-88A0-29D7E8D98B4B}
		{E0F66095-745A-4DD4-9562-D22ADFDF4FE8} = {FC71ED3E-0A7F-4C48-88A0-29D7E8D98B4B}
		{72F5B1DD-90CB-4067-9ABA-64463297FD96} = {FC71ED3E-0A7F-4C48-88A0-29D7E8D98B4B}
		{5A87BDF9-AE3B-4EA0-8905-DF1B006CD5E2} = {52801D2D-E2EF-4D2F-AE5F-B0E27032A987}
		{578C7B59-ECFC-41B5-9658-A2A0C861B636} = {52801D2D-E2EF-4D2F-AE5F-B0E27032A987}
		{CB8C1BF9-E6EC-4008-9ECD-D69D3071C31C} = {52801D2D-E2EF-4D2F-AE5F-B0E27032A987}
		{7E713B15-25C7-404A-AD12-2BA0953211D4} = {A55DA92F-F334-4C84-8265-397552D8F27A}
		{F0F59159-C5EE-4D0F-AF05-4BF8117BF82E} = {A55DA92F-F334-4C84-8265-397552D8F27A}
		{26335059-66C6-452A-9375-D57791DA9A20} = {A55DA92F-F334-4C84-8265-397552D8F27A}
		{F3E1C4F8-EF7E-4915-8031-E548E7E4F44F} = {CD23B0E9-E495-4248-AC63-971263605BEF}
		{7309D7B4-7516-4703-9F5F-1108462067A3} = {CD23B0E9-E495-4248-AC63-971263605BEF}
		{981ABD04-0FCA-421F-9921-E9BB6301D9A2} = {CD23B0E9-E495-4248-AC63-971263605BEF}
		{D4E047C3-21BB-42C3-8D0C-52E5A28EA1B2} = {0007B767-4A71-49C2-806E-D29078D1BED3}
		{518D4841-FC15-4954-9F17-BF531EBEC929} = {0007B767-4A71-49C2-806E-D29078D1BED3}
		{F53D464A-B91B-4A45-9E3E-A440BD79993C} = {0007B767-4A71-49C2-806E-D29078D1BED3}
		{5DDA21F8-F30F-4503-8E20-12FDE0ACD080} = {528088BA-FC8C-4B72-B5AD-5ED879F4C43A}
		{30346F95-BC4B-4A9F-BA68-70EA4956BFE1} = {528088BA-FC8C-4B72-B5AD-5ED879F4C43A}
		{9908C886-1981-4158-B610-C657FBAD1EDF} = {528088BA-FC8C-4B72-B5AD-5ED879F4C43A}
		{1B6EC724-D322-4B48-844D-5AD04D7F3CD6} = {40F8B0D8-2EFD-41A8-97F4-C2E93E7C9C23}
		{6D2870FE-3E87-48D3-AF08-4E803EB6D093} = {40F8B0D8-2EFD-41A8-97F4-C2E93E7C9C23}
		{54853B78-8DC1-4436-822F-67A48C1795EB} = {40F8B0D8-2EFD-41A8-97F4-C2E93E7C9C23}
	EndGlobalSection
	GlobalSection(ExtensibilityGlobals) = postSolution
		SolutionGuid = {46887A2C-9D76-48FA-BA40-CF7BF0FAB708}
	EndGlobalSection
EndGlobal
